{
  "name": "asp.net",
  "version": "1.0.0",
  "lockfileVersion": 3,
  "requires": true,
  "packages": {
    "": {
      "name": "asp.net",
      "version": "1.0.0",
      "devDependencies": {
        "@syncfusion/ej2-js-es5": "24.1.41"
      }
    },
    "node_modules/@syncfusion/ej2-js-es5": {
      "version": "24.1.41",
      "resolved": "https://registry.npmjs.org/@syncfusion/ej2-js-es5/-/ej2-js-es5-24.1.41.tgz",
      "integrity": "sha512-g3gyItQ/8eKl+kejT5SkrVXuOIxanpCTp/0Wgj+vYKT4CyfsK1Frb6qu8dREqMRF5So8SF2ExiW/oRQfddj7XQ==",
      "dev": true
    }
  }
}
